// !$*UTF8*$!
{
	archiveVersion = 1;
	classes = {
	};
	objectVersion = 48;
	objects = {

/* Begin PBXBuildFile section */
		18CE7E681FAA54690079B620 /* AppDelegate.swift in Sources */ = {isa = PBXBuildFile; fileRef = 18CE7E671FAA54690079B620 /* AppDelegate.swift */; };
		18CE7E6A1FAA54690079B620 /* SignInViewController.swift in Sources */ = {isa = PBXBuildFile; fileRef = 18CE7E691FAA54690079B620 /* SignInViewController.swift */; };
		18CE7E6D1FAA54690079B620 /* Main.storyboard in Resources */ = {isa = PBXBuildFile; fileRef = 18CE7E6B1FAA54690079B620 /* Main.storyboard */; };
		18CE7E6F1FAA54690079B620 /* Assets.xcassets in Resources */ = {isa = PBXBuildFile; fileRef = 18CE7E6E1FAA54690079B620 /* Assets.xcassets */; };
		18CE7E721FAA54690079B620 /* LaunchScreen.storyboard in Resources */ = {isa = PBXBuildFile; fileRef = 18CE7E701FAA54690079B620 /* LaunchScreen.storyboard */; };
		18CE7E7A1FAA59530079B620 /* GoogleService-Info.plist in Resources */ = {isa = PBXBuildFile; fileRef = 18CE7E791FAA59530079B620 /* GoogleService-Info.plist */; };
		94A0F69C0E80FADD037E3DEF /* Pods_Snapchat2_0.framework in Frameworks */ = {isa = PBXBuildFile; fileRef = 7C6510F015D0E367BDD1DBF6 /* Pods_Snapchat2_0.framework */; };
/* End PBXBuildFile section */

/* Begin PBXFileReference section */
		18CE7E641FAA54690079B620 /* Snapchat2.0.app */ = {isa = PBXFileReference; explicitFileType = wrapper.application; includeInIndex = 0; path = Snapchat2.0.app; sourceTree = BUILT_PRODUCTS_DIR; };
		18CE7E671FAA54690079B620 /* AppDelegate.swift */ = {isa = PBXFileReference; lastKnownFileType = sourcecode.swift; path = AppDelegate.swift; sourceTree = "<group>"; };
		18CE7E691FAA54690079B620 /* SignInViewController.swift */ = {isa = PBXFileReference; lastKnownFileType = sourcecode.swift; path = SignInViewController.swift; sourceTree = "<group>"; };
		18CE7E6C1FAA54690079B620 /* Base */ = {isa = PBXFileReference; lastKnownFileType = file.storyboard; name = Base; path = Base.lproj/Main.storyboard; sourceTree = "<group>"; };
		18CE7E6E1FAA54690079B620 /* Assets.xcassets */ = {isa = PBXFileReference; lastKnownFileType = folder.assetcatalog; path = Assets.xcassets; sourceTree = "<group>"; };
		18CE7E711FAA54690079B620 /* Base */ = {isa = PBXFileReference; lastKnownFileType = file.storyboard; name = Base; path = Base.lproj/LaunchScreen.storyboard; sourceTree = "<group>"; };
		18CE7E731FAA54690079B620 /* Info.plist */ = {isa = PBXFileReference; lastKnownFileType = text.plist.xml; path = Info.plist; sourceTree = "<group>"; };
		18CE7E791FAA59530079B620 /* GoogleService-Info.plist */ = {isa = PBXFileReference; fileEncoding = 4; lastKnownFileType = text.plist.xml; path = "GoogleService-Info.plist"; sourceTree = "<group>"; };
		2C34B74BA4E821C0DAC4C47B /* Pods-Snapchat2.0.debug.xcconfig */ = {isa = PBXFileReference; includeInIndex = 1; lastKnownFileType = text.xcconfig; name = "Pods-Snapchat2.0.debug.xcconfig"; path = "Pods/Target Support Files/Pods-Snapchat2.0/Pods-Snapchat2.0.debug.xcconfig"; sourceTree = "<group>"; };
		2FFF9740259A09F0157F9D0F /* Pods-Snapchat2.0.release.xcconfig */ = {isa = PBXFileReference; includeInIndex = 1; lastKnownFileType = text.xcconfig; name = "Pods-Snapchat2.0.release.xcconfig"; path = "Pods/Target Support Files/Pods-Snapchat2.0/Pods-Snapchat2.0.release.xcconfig"; sourceTree = "<group>"; };
		7C6510F015D0E367BDD1DBF6 /* Pods_Snapchat2_0.framework */ = {isa = PBXFileReference; explicitFileType = wrapper.framework; includeInIndex = 0; path = Pods_Snapchat2_0.framework; sourceTree = BUILT_PRODUCTS_DIR; };
/* End PBXFileReference section */

/* Begin PBXFrameworksBuildPhase section */
		18CE7E611FAA54690079B620 /* Frameworks */ = {
			isa = PBXFrameworksBuildPhase;
			buildActionMask = 2147483647;
			files = (
				94A0F69C0E80FADD037E3DEF /* Pods_Snapchat2_0.framework in Frameworks */,
			);
			runOnlyForDeploymentPostprocessing = 0;
		};
/* End PBXFrameworksBuildPhase section */

/* Begin PBXGroup section */
		18CE7E5B1FAA54690079B620 = {
			isa = PBXGroup;
			children = (
				18CE7E661FAA54690079B620 /* Snapchat2.0 */,
				18CE7E651FAA54690079B620 /* Products */,
				D89F2BEC5971862729E305F5 /* Pods */,
				77AA73458B4DCB5B3AFE4B7A /* Frameworks */,
			);
			sourceTree = "<group>";
		};
		18CE7E651FAA54690079B620 /* Products */ = {
			isa = PBXGroup;
			children = (
				18CE7E641FAA54690079B620 /* Snapchat2.0.app */,
			);
			name = Products;
			sourceTree = "<group>";
		};
		18CE7E661FAA54690079B620 /* Snapchat2.0 */ = {
			isa = PBXGroup;
			children = (
				18CE7E671FAA54690079B620 /* AppDelegate.swift */,
				18CE7E691FAA54690079B620 /* SignInViewController.swift */,
				18CE7E6B1FAA54690079B620 /* Main.storyboard */,
				18CE7E6E1FAA54690079B620 /* Assets.xcassets */,
				18CE7E701FAA54690079B620 /* LaunchScreen.storyboard */,
				18CE7E731FAA54690079B620 /* Info.plist */,
				18CE7E791FAA59530079B620 /* GoogleService-Info.plist */,
			);
			path = Snapchat2.0;
			sourceTree = "<group>";
		};
		77AA73458B4DCB5B3AFE4B7A /* Frameworks */ = {
			isa = PBXGroup;
			children = (
				7C6510F015D0E367BDD1DBF6 /* Pods_Snapchat2_0.framework */,
			);
			name = Frameworks;
			sourceTree = "<group>";
		};
		D89F2BEC5971862729E305F5 /* Pods */ = {
			isa = PBXGroup;
			children = (
				2C34B74BA4E821C0DAC4C47B /* Pods-Snapchat2.0.debug.xcconfig */,
				2FFF9740259A09F0157F9D0F /* Pods-Snapchat2.0.release.xcconfig */,
			);
			name = Pods;
			sourceTree = "<group>";
		};
/* End PBXGroup section */

/* Begin PBXNativeTarget section */
		18CE7E631FAA54690079B620 /* Snapchat2.0 */ = {
			isa = PBXNativeTarget;
			buildConfigurationList = 18CE7E761FAA54690079B620 /* Build configuration list for PBXNativeTarget "Snapchat2.0" */;
			buildPhases = (
				BD7C2E1D056071C292399C55 /* [CP] Check Pods Manifest.lock */,
				18CE7E601FAA54690079B620 /* Sources */,
				18CE7E611FAA54690079B620 /* Frameworks */,
				18CE7E621FAA54690079B620 /* Resources */,
				2A0D02D5536DD05F0AA6FC32 /* [CP] Embed Pods Frameworks */,
				7E31E7D533E0A1D7E36B3853 /* [CP] Copy Pods Resources */,
			);
			buildRules = (
			);
			dependencies = (
			);
			name = Snapchat2.0;
			productName = Snapchat2.0;
			productReference = 18CE7E641FAA54690079B620 /* Snapchat2.0.app */;
			productType = "com.apple.product-type.application";
		};
/* End PBXNativeTarget section */

/* Begin PBXProject section */
		18CE7E5C1FAA54690079B620 /* Project object */ = {
			isa = PBXProject;
			attributes = {
				LastSwiftUpdateCheck = 0910;
				LastUpgradeCheck = 0910;
				ORGANIZATIONNAME = "Ryan Chingway";
				TargetAttributes = {
					18CE7E631FAA54690079B620 = {
						CreatedOnToolsVersion = 9.1;
						ProvisioningStyle = Automatic;
					};
				};
			};
			buildConfigurationList = 18CE7E5F1FAA54690079B620 /* Build configuration list for PBXProject "Snapchat2.0" */;
			compatibilityVersion = "Xcode 8.0";
			developmentRegion = en;
			hasScannedForEncodings = 0;
			knownRegions = (
				en,
				Base,
			);
			mainGroup = 18CE7E5B1FAA54690079B620;
			productRefGroup = 18CE7E651FAA54690079B620 /* Products */;
			projectDirPath = "";
			projectRoot = "";
			targets = (
				18CE7E631FAA54690079B620 /* Snapchat2.0 */,
			);
		};
/* End PBXProject section */

/* Begin PBXResourcesBuildPhase section */
		18CE7E621FAA54690079B620 /* Resources */ = {
			isa = PBXResourcesBuildPhase;
			buildActionMask = 2147483647;
			files = (
				18CE7E721FAA54690079B620 /* LaunchScreen.storyboard in Resources */,
				18CE7E7A1FAA59530079B620 /* GoogleService-Info.plist in Resources */,
				18CE7E6F1FAA54690079B620 /* Assets.xcassets in Resources */,
				18CE7E6D1FAA54690079B620 /* Main.storyboard in Resources */,
			);
			runOnlyForDeploymentPostprocessing = 0;
		};
/* End PBXResourcesBuildPhase section */

/* Begin PBXShellScriptBuildPhase section */
		2A0D02D5536DD05F0AA6FC32 /* [CP] Embed Pods Frameworks */ = {
			isa = PBXShellScriptBuildPhase;
			buildActionMask = 2147483647;
			files = (
			);
			inputPaths = (
				"${SRCROOT}/Pods/Target Support Files/Pods-Snapchat2.0/Pods-Snapchat2.0-frameworks.sh",
				"${BUILT_PRODUCTS_DIR}/GTMSessionFetcher/GTMSessionFetcher.framework",
				"${BUILT_PRODUCTS_DIR}/GoogleToolboxForMac/GoogleToolboxForMac.framework",
				"${BUILT_PRODUCTS_DIR}/leveldb-library/leveldb.framework",
				"${BUILT_PRODUCTS_DIR}/nanopb/nanopb.framework",
			);
			name = "[CP] Embed Pods Frameworks";
			outputPaths = (
				"${TARGET_BUILD_DIR}/${FRAMEWORKS_FOLDER_PATH}/GTMSessionFetcher.framework",
				"${TARGET_BUILD_DIR}/${FRAMEWORKS_FOLDER_PATH}/GoogleToolboxForMac.framework",
				"${TARGET_BUILD_DIR}/${FRAMEWORKS_FOLDER_PATH}/leveldb.framework",
				"${TARGET_BUILD_DIR}/${FRAMEWORKS_FOLDER_PATH}/nanopb.framework",
			);
			runOnlyForDeploymentPostprocessing = 0;
			shellPath = /bin/sh;
			shellScript = "\"${SRCROOT}/Pods/Target Support Files/Pods-Snapchat2.0/Pods-Snapchat2.0-frameworks.sh\"\n";
			showEnvVarsInLog = 0;
		};
		7E31E7D533E0A1D7E36B3853 /* [CP] Copy Pods Resources */ = {
			isa = PBXShellScriptBuildPhase;
			buildActionMask = 2147483647;
			files = (
			);
			inputPaths = (
			);
			name = "[CP] Copy Pods Resources";
			outputPaths = (
			);
			runOnlyForDeploymentPostprocessing = 0;
			shellPath = /bin/sh;
			shellScript = "\"${SRCROOT}/Pods/Target Support Files/Pods-Snapchat2.0/Pods-Snapchat2.0-resources.sh\"\n";
			showEnvVarsInLog = 0;
		};
		BD7C2E1D056071C292399C55 /* [CP] Check Pods Manifest.lock */ = {
			isa = PBXShellScriptBuildPhase;
			buildActionMask = 2147483647;
			files = (
			);
			inputPaths = (
				"${PODS_PODFILE_DIR_PATH}/Podfile.lock",
				"${PODS_ROOT}/Manifest.lock",
			);
			name = "[CP] Check Pods Manifest.lock";
			outputPaths = (
				"$(DERIVED_FILE_DIR)/Pods-Snapchat2.0-checkManifestLockResult.txt",
			);
			runOnlyForDeploymentPostprocessing = 0;
			shellPath = /bin/sh;
			shellScript = "diff \"${PODS_PODFILE_DIR_PATH}/Podfile.lock\" \"${PODS_ROOT}/Manifest.lock\" > /dev/null\nif [ $? != 0 ] ; then\n    # print error to STDERR\n    echo \"error: The sandbox is not in sync with the Podfile.lock. Run 'pod install' or update your CocoaPods installation.\" >&2\n    exit 1\nfi\n# This output is used by Xcode 'outputs' to avoid re-running this script phase.\necho \"SUCCESS\" > \"${SCRIPT_OUTPUT_FILE_0}\"\n";
			showEnvVarsInLog = 0;
		};
/* End PBXShellScriptBuildPhase section */

/* Begin PBXSourcesBuildPhase section */
		18CE7E601FAA54690079B620 /* Sources */ = {
			isa = PBXSourcesBuildPhase;
			buildActionMask = 2147483647;
			files = (
				18CE7E6A1FAA54690079B620 /* SignInViewController.swift in Sources */,
				18CE7E681FAA54690079B620 /* AppDelegate.swift in Sources */,
			);
			runOnlyForDeploymentPostprocessing = 0;
		};
/* End PBXSourcesBuildPhase section */

/* Begin PBXVariantGroup section */
		18CE7E6B1FAA54690079B620 /* Main.storyboard */ = {
			isa = PBXVariantGroup;
			children = (
				18CE7E6C1FAA54690079B620 /* Base */,
			);
			name = Main.storyboard;
			sourceTree = "<group>";
		};
		18CE7E701FAA54690079B620 /* LaunchScreen.storyboard */ = {
			isa = PBXVariantGroup;
			children = (
				18CE7E711FAA54690079B620 /* Base */,
			);
			name = LaunchScreen.storyboard;
			sourceTree = "<group>";
		};
/* End PBXVariantGroup section */

/* Begin XCBuildConfiguration section */
		18CE7E741FAA54690079B620 /* Debug */ = {
			isa = XCBuildConfiguration;
			buildSettings = {
				ALWAYS_SEARCH_USER_PATHS = NO;
				CLANG_ANALYZER_NONNULL = YES;
				CLANG_ANALYZER_NUMBER_OBJECT_CONVERSION = YES_AGGRESSIVE;
				CLANG_CXX_LANGUAGE_STANDARD = "gnu++14";
				CLANG_CXX_LIBRARY = "libc++";
				CLANG_ENABLE_MODULES = YES;
				CLANG_ENABLE_OBJC_ARC = YES;
				CLANG_WARN_BLOCK_CAPTURE_AUTORELEASING = YES;
				CLANG_WARN_BOOL_CONVERSION = YES;
				CLANG_WARN_COMMA = YES;
				CLANG_WARN_CONSTANT_CONVERSION = YES;
				CLANG_WARN_DIRECT_OBJC_ISA_USAGE = YES_ERROR;
				CLANG_WARN_DOCUMENTATION_COMMENTS = YES;
				CLANG_WARN_EMPTY_BODY = YES;
				CLANG_WARN_ENUM_CONVERSION = YES;
				CLANG_WARN_INFINITE_RECURSION = YES;
				CLANG_WARN_INT_CONVERSION = YES;
				CLANG_WARN_NON_LITERAL_NULL_CONVERSION = YES;
				CLANG_WARN_OBJC_LITERAL_CONVERSION = YES;
				CLANG_WARN_OBJC_ROOT_CLASS = YES_ERROR;
				CLANG_WARN_RANGE_LOOP_ANALYSIS = YES;
				CLANG_WARN_STRICT_PROTOTYPES = YES;
				CLANG_WARN_SUSPICIOUS_MOVE = YES;
				CLANG_WARN_UNGUARDED_AVAILABILITY = YES_AGGRESSIVE;
				CLANG_WARN_UNREACHABLE_CODE = YES;
				CLANG_WARN__DUPLICATE_METHOD_MATCH = YES;
				CODE_SIGN_IDENTITY = "iPhone Developer";
				COPY_PHASE_STRIP = NO;
				DEBUG_INFORMATION_FORMAT = dwarf;
				ENABLE_STRICT_OBJC_MSGSEND = YES;
				ENABLE_TESTABILITY = YES;
				GCC_C_LANGUAGE_STANDARD = gnu11;
				GCC_DYNAMIC_NO_PIC = NO;
				GCC_NO_COMMON_BLOCKS = YES;
				GCC_OPTIMIZATION_LEVEL = 0;
				GCC_PREPROCESSOR_DEFINITIONS = (
					"DEBUG=1",
					"$(inherited)",
				);
				GCC_WARN_64_TO_32_BIT_CONVERSION = YES;
				GCC_WARN_ABOUT_RETURN_TYPE = YES_ERROR;
				GCC_WARN_UNDECLARED_SELECTOR = YES;
				GCC_WARN_UNINITIALIZED_AUTOS = YES_AGGRESSIVE;
				GCC_WARN_UNUSED_FUNCTION = YES;
				GCC_WARN_UNUSED_VARIABLE = YES;
				IPHONEOS_DEPLOYMENT_TARGET = 11.1;
				MTL_ENABLE_DEBUG_INFO = YES;
				ONLY_ACTIVE_ARCH = YES;
				SDKROOT = iphoneos;
				SWIFT_ACTIVE_COMPILATION_CONDITIONS = DEBUG;
				SWIFT_OPTIMIZATION_LEVEL = "-Onone";
			};
			name = Debug;
		};
		18CE7E751FAA54690079B620 /* Release */ = {
			isa = XCBuildConfiguration;
			buildSettings = {
				ALWAYS_SEARCH_USER_PATHS = NO;
				CLANG_ANALYZER_NONNULL = YES;
				CLANG_ANALYZER_NUMBER_OBJECT_CONVERSION = YES_AGGRESSIVE;
				CLANG_CXX_LANGUAGE_STANDARD = "gnu++14";
				CLANG_CXX_LIBRARY = "libc++";
				CLANG_ENABLE_MODULES = YES;
				CLANG_ENABLE_OBJC_ARC = YES;
				CLANG_WARN_BLOCK_CAPTURE_AUTORELEASING = YES;
				CLANG_WARN_BOOL_CONVERSION = YES;
				CLANG_WARN_COMMA = YES;
				CLANG_WARN_CONSTANT_CONVERSION = YES;
				CLANG_WARN_DIRECT_OBJC_ISA_USAGE = YES_ERROR;
				CLANG_WARN_DOCUMENTATION_COMMENTS = YES;
				CLANG_WARN_EMPTY_BODY = YES;
				CLANG_WARN_ENUM_CONVERSION = YES;
				CLANG_WARN_INFINITE_RECURSION = YES;
				CLANG_WARN_INT_CONVERSION = YES;
				CLANG_WARN_NON_LITERAL_NULL_CONVERSION = YES;
				CLANG_WARN_OBJC_LITERAL_CONVERSION = YES;
				CLANG_WARN_OBJC_ROOT_CLASS = YES_ERROR;
				CLANG_WARN_RANGE_LOOP_ANALYSIS = YES;
				CLANG_WARN_STRICT_PROTOTYPES = YES;
				CLANG_WARN_SUSPICIOUS_MOVE = YES;
				CLANG_WARN_UNGUARDED_AVAILABILITY = YES_AGGRESSIVE;
				CLANG_WARN_UNREACHABLE_CODE = YES;
				CLANG_WARN__DUPLICATE_METHOD_MATCH = YES;
				CODE_SIGN_IDENTITY = "iPhone Developer";
				COPY_PHASE_STRIP = NO;
				DEBUG_INFORMATION_FORMAT = "dwarf-with-dsym";
				ENABLE_NS_ASSERTIONS = NO;
				ENABLE_STRICT_OBJC_MSGSEND = YES;
				GCC_C_LANGUAGE_STANDARD = gnu11;
				GCC_NO_COMMON_BLOCKS = YES;
				GCC_WARN_64_TO_32_BIT_CONVERSION = YES;
				GCC_WARN_ABOUT_RETURN_TYPE = YES_ERROR;
				GCC_WARN_UNDECLARED_SELECTOR = YES;
				GCC_WARN_UNINITIALIZED_AUTOS = YES_AGGRESSIVE;
				GCC_WARN_UNUSED_FUNCTION = YES;
				GCC_WARN_UNUSED_VARIABLE = YES;
				IPHONEOS_DEPLOYMENT_TARGET = 11.1;
				MTL_ENABLE_DEBUG_INFO = NO;
				SDKROOT = iphoneos;
				SWIFT_OPTIMIZATION_LEVEL = "-Owholemodule";
				VALIDATE_PRODUCT = YES;
			};
			name = Release;
		};
		18CE7E771FAA54690079B620 /* Debug */ = {
			isa = XCBuildConfiguration;
			baseConfigurationReference = 2C34B74BA4E821C0DAC4C47B /* Pods-Snapchat2.0.debug.xcconfig */;
			buildSettings = {
				ASSETCATALOG_COMPILER_APPICON_NAME = AppIcon;
				CODE_SIGN_STYLE = Automatic;
				DEVELOPMENT_TEAM = G9X2BJN5A2;
				INFOPLIST_FILE = Snapchat2.0/Info.plist;
				LD_RUNPATH_SEARCH_PATHS = "$(inherited) @executable_path/Frameworks";
				PRODUCT_BUNDLE_IDENTIFIER = "chingwaydev.Snapchat2-0";
				PRODUCT_NAME = "$(TARGET_NAME)";
				SWIFT_VERSION = 4.0;
				TARGETED_DEVICE_FAMILY = "1,2";
			};
			name = Debug;
		};
		18CE7E781FAA54690079B620 /* Release */ = {
			isa = XCBuildConfiguration;
			baseConfigurationReference = 2FFF9740259A09F0157F9D0F /* Pods-Snapchat2.0.release.xcconfig */;
			buildSettings = {
				ASSETCATALOG_COMPILER_APPICON_NAME = AppIcon;
				CODE_SIGN_STYLE = Automatic;
				DEVELOPMENT_TEAM = G9X2BJN5A2;
				INFOPLIST_FILE = Snapchat2.0/Info.plist;
				LD_RUNPATH_SEARCH_PATHS = "$(inherited) @executable_path/Frameworks";
				PRODUCT_BUNDLE_IDENTIFIER = "chingwaydev.Snapchat2-0";
				PRODUCT_NAME = "$(TARGET_NAME)";
				SWIFT_VERSION = 4.0;
				TARGETED_DEVICE_FAMILY = "1,2";
			};
			name = Release;
		};
/* End XCBuildConfiguration section */

/* Begin XCConfigurationList section */
		18CE7E5F1FAA54690079B620 /* Build configuration list for PBXProject "Snapchat2.0" */ = {
			isa = XCConfigurationList;
			buildConfigurations = (
				18CE7E741FAA54690079B620 /* Debug */,
				18CE7E751FAA54690079B620 /* Release */,
			);
			defaultConfigurationIsVisible = 0;
			defaultConfigurationName = Release;
		};
		18CE7E761FAA54690079B620 /* Build configuration list for PBXNativeTarget "Snapchat2.0" */ = {
			isa = XCConfigurationList;
			buildConfigurations = (
				18CE7E771FAA54690079B620 /* Debug */,
				18CE7E781FAA54690079B620 /* Release */,
			);
			defaultConfigurationIsVisible = 0;
			defaultConfigurationName = Release;
		};
/* End XCConfigurationList section */
	};
	rootObject = 18CE7E5C1FAA54690079B620 /* Project object */;
}
